{
  "version": "5",
  "specifiers": {
    "jsr:@std/cli@*": "1.0.24",
    "jsr:@std/internal@^1.0.12": "1.0.12",
    "npm:@notionhq/client@2.2.17": "2.2.17",
    "npm:@notionhq/client@5.4.0": "5.4.0",
    "npm:@types/node@*": "24.2.0",
    "npm:dayjs@1.11.7": "1.11.7",
    "npm:jimp@0.22.10": "0.22.10_@jimp+custom@0.22.12"
  },
  "jsr": {
    "@std/cli@1.0.24": {
      "integrity": "b655a5beb26aa94f98add6bc8889f5fb9bc3ee2cc3fc954e151201f4c4200a5e",
      "dependencies": [
        "jsr:@std/internal"
      ]
    },
    "@std/internal@1.0.12": {
      "integrity": "972a634fd5bc34b242024402972cd5143eac68d8dffaca5eaa4dba30ce17b027"
    }
  },
  "npm": {
    "@jimp/bmp@0.22.12_@jimp+custom@0.22.12": {
      "integrity": "sha512-aeI64HD0npropd+AR76MCcvvRaa+Qck6loCOS03CkkxGHN5/r336qTM5HPUdHKMDOGzqknuVPA8+kK1t03z12g==",
      "dependencies": [
        "@jimp/custom",
        "@jimp/utils",
        "bmp-js"
      ]
    },
    "@jimp/core@0.22.12": {
      "integrity": "sha512-l0RR0dOPyzMKfjUW1uebzueFEDtCOj9fN6pyTYWWOM/VS4BciXQ1VVrJs8pO3kycGYZxncRKhCoygbNr8eEZQA==",
      "dependencies": [
        "@jimp/utils",
        "any-base",
        "buffer@5.7.1",
        "exif-parser",
        "file-type",
        "isomorphic-fetch",
        "pixelmatch",
        "tinycolor2"
      ]
    },
    "@jimp/custom@0.22.12": {
      "integrity": "sha512-xcmww1O/JFP2MrlGUMd3Q78S3Qu6W3mYTXYuIqFq33EorgYHV/HqymHfXy9GjiCJ7OI+7lWx6nYFOzU7M4rd1Q==",
      "dependencies": [
        "@jimp/core"
      ]
    },
    "@jimp/gif@0.22.12_@jimp+custom@0.22.12": {
      "integrity": "sha512-y6BFTJgch9mbor2H234VSjd9iwAhaNf/t3US5qpYIs0TSbAvM02Fbc28IaDETj9+4YB4676sz4RcN/zwhfu1pg==",
      "dependencies": [
        "@jimp/custom",
        "@jimp/utils",
        "gifwrap",
        "omggif"
      ]
    },
    "@jimp/jpeg@0.22.12_@jimp+custom@0.22.12": {
      "integrity": "sha512-Rq26XC/uQWaQKyb/5lksCTCxXhtY01NJeBN+dQv5yNYedN0i7iYu+fXEoRsfaJ8xZzjoANH8sns7rVP4GE7d/Q==",
      "dependencies": [
        "@jimp/custom",
        "@jimp/utils",
        "jpeg-js"
      ]
    },
    "@jimp/plugin-blit@0.22.12_@jimp+custom@0.22.12": {
      "integrity": "sha512-xslz2ZoFZOPLY8EZ4dC29m168BtDx95D6K80TzgUi8gqT7LY6CsajWO0FAxDwHz6h0eomHMfyGX0stspBrTKnQ==",
      "dependencies": [
        "@jimp/custom",
        "@jimp/utils"
      ]
    },
    "@jimp/plugin-blur@0.22.12_@jimp+custom@0.22.12": {
      "integrity": "sha512-S0vJADTuh1Q9F+cXAwFPlrKWzDj2F9t/9JAbUvaaDuivpyWuImEKXVz5PUZw2NbpuSHjwssbTpOZ8F13iJX4uw==",
      "dependencies": [
        "@jimp/custom",
        "@jimp/utils"
      ]
    },
    "@jimp/plugin-circle@0.22.12_@jimp+custom@0.22.12": {
      "integrity": "sha512-SWVXx1yiuj5jZtMijqUfvVOJBwOifFn0918ou4ftoHgegc5aHWW5dZbYPjvC9fLpvz7oSlptNl2Sxr1zwofjTg==",
      "dependencies": [
        "@jimp/custom",
        "@jimp/utils"
      ]
    },
    "@jimp/plugin-color@0.22.12_@jimp+custom@0.22.12": {
      "integrity": "sha512-xImhTE5BpS8xa+mAN6j4sMRWaUgUDLoaGHhJhpC+r7SKKErYDR0WQV4yCE4gP+N0gozD0F3Ka1LUSaMXrn7ZIA==",
      "dependencies": [
        "@jimp/custom",
        "@jimp/utils",
        "tinycolor2"
      ]
    },
    "@jimp/plugin-contain@0.22.12_@jimp+custom@0.22.12_@jimp+plugin-blit@0.22.12__@jimp+custom@0.22.12_@jimp+plugin-resize@0.22.12__@jimp+custom@0.22.12_@jimp+plugin-scale@0.22.12__@jimp+custom@0.22.12__@jimp+plugin-resize@0.22.12___@jimp+custom@0.22.12": {
      "integrity": "sha512-Eo3DmfixJw3N79lWk8q/0SDYbqmKt1xSTJ69yy8XLYQj9svoBbyRpSnHR+n9hOw5pKXytHwUW6nU4u1wegHNoQ==",
      "dependencies": [
        "@jimp/custom",
        "@jimp/plugin-blit",
        "@jimp/plugin-resize",
        "@jimp/plugin-scale",
        "@jimp/utils"
      ]
    },
    "@jimp/plugin-cover@0.22.12_@jimp+custom@0.22.12_@jimp+plugin-crop@0.22.12__@jimp+custom@0.22.12_@jimp+plugin-resize@0.22.12__@jimp+custom@0.22.12_@jimp+plugin-scale@0.22.12__@jimp+custom@0.22.12__@jimp+plugin-resize@0.22.12___@jimp+custom@0.22.12": {
      "integrity": "sha512-z0w/1xH/v/knZkpTNx+E8a7fnasQ2wHG5ze6y5oL2dhH1UufNua8gLQXlv8/W56+4nJ1brhSd233HBJCo01BXA==",
      "dependencies": [
        "@jimp/custom",
        "@jimp/plugin-crop",
        "@jimp/plugin-resize",
        "@jimp/plugin-scale",
        "@jimp/utils"
      ]
    },
    "@jimp/plugin-crop@0.22.12_@jimp+custom@0.22.12": {
      "integrity": "sha512-FNuUN0OVzRCozx8XSgP9MyLGMxNHHJMFt+LJuFjn1mu3k0VQxrzqbN06yIl46TVejhyAhcq5gLzqmSCHvlcBVw==",
      "dependencies": [
        "@jimp/custom",
        "@jimp/utils"
      ]
    },
    "@jimp/plugin-displace@0.22.12_@jimp+custom@0.22.12": {
      "integrity": "sha512-qpRM8JRicxfK6aPPqKZA6+GzBwUIitiHaZw0QrJ64Ygd3+AsTc7BXr+37k2x7QcyCvmKXY4haUrSIsBug4S3CA==",
      "dependencies": [
        "@jimp/custom",
        "@jimp/utils"
      ]
    },
    "@jimp/plugin-dither@0.22.12_@jimp+custom@0.22.12": {
      "integrity": "sha512-jYgGdSdSKl1UUEanX8A85v4+QUm+PE8vHFwlamaKk89s+PXQe7eVE3eNeSZX4inCq63EHL7cX580dMqkoC3ZLw==",
      "dependencies": [
        "@jimp/custom",
        "@jimp/utils"
      ]
    },
    "@jimp/plugin-fisheye@0.22.12_@jimp+custom@0.22.12": {
      "integrity": "sha512-LGuUTsFg+fOp6KBKrmLkX4LfyCy8IIsROwoUvsUPKzutSqMJnsm3JGDW2eOmWIS/jJpPaeaishjlxvczjgII+Q==",
      "dependencies": [
        "@jimp/custom",
        "@jimp/utils"
      ]
    },
    "@jimp/plugin-flip@0.22.12_@jimp+custom@0.22.12_@jimp+plugin-rotate@0.22.12__@jimp+custom@0.22.12__@jimp+plugin-blit@0.22.12___@jimp+custom@0.22.12__@jimp+plugin-crop@0.22.12___@jimp+custom@0.22.12__@jimp+plugin-resize@0.22.12___@jimp+custom@0.22.12_@jimp+plugin-blit@0.22.12__@jimp+custom@0.22.12_@jimp+plugin-crop@0.22.12__@jimp+custom@0.22.12_@jimp+plugin-resize@0.22.12__@jimp+custom@0.22.12": {
      "integrity": "sha512-m251Rop7GN8W0Yo/rF9LWk6kNclngyjIJs/VXHToGQ6EGveOSTSQaX2Isi9f9lCDLxt+inBIb7nlaLLxnvHX8Q==",
      "dependencies": [
        "@jimp/custom",
        "@jimp/plugin-rotate",
        "@jimp/utils"
      ]
    },
    "@jimp/plugin-gaussian@0.22.12_@jimp+custom@0.22.12": {
      "integrity": "sha512-sBfbzoOmJ6FczfG2PquiK84NtVGeScw97JsCC3rpQv1PHVWyW+uqWFF53+n3c8Y0P2HWlUjflEla2h/vWShvhg==",
      "dependencies": [
        "@jimp/custom",
        "@jimp/utils"
      ]
    },
    "@jimp/plugin-invert@0.22.12_@jimp+custom@0.22.12": {
      "integrity": "sha512-N+6rwxdB+7OCR6PYijaA/iizXXodpxOGvT/smd/lxeXsZ/empHmFFFJ/FaXcYh19Tm04dGDaXcNF/dN5nm6+xQ==",
      "dependencies": [
        "@jimp/custom",
        "@jimp/utils"
      ]
    },
    "@jimp/plugin-mask@0.22.12_@jimp+custom@0.22.12": {
      "integrity": "sha512-4AWZg+DomtpUA099jRV8IEZUfn1wLv6+nem4NRJC7L/82vxzLCgXKTxvNvBcNmJjT9yS1LAAmiJGdWKXG63/NA==",
      "dependencies": [
        "@jimp/custom",
        "@jimp/utils"
      ]
    },
    "@jimp/plugin-normalize@0.22.12_@jimp+custom@0.22.12": {
      "integrity": "sha512-0So0rexQivnWgnhacX4cfkM2223YdExnJTTy6d06WbkfZk5alHUx8MM3yEzwoCN0ErO7oyqEWRnEkGC+As1FtA==",
      "dependencies": [
        "@jimp/custom",
        "@jimp/utils"
      ]
    },
    "@jimp/plugin-print@0.22.12_@jimp+custom@0.22.12_@jimp+plugin-blit@0.22.12__@jimp+custom@0.22.12": {
      "integrity": "sha512-c7TnhHlxm87DJeSnwr/XOLjJU/whoiKYY7r21SbuJ5nuH+7a78EW1teOaj5gEr2wYEd7QtkFqGlmyGXY/YclyQ==",
      "dependencies": [
        "@jimp/custom",
        "@jimp/plugin-blit",
        "@jimp/utils",
        "load-bmfont"
      ]
    },
    "@jimp/plugin-resize@0.22.12_@jimp+custom@0.22.12": {
      "integrity": "sha512-3NyTPlPbTnGKDIbaBgQ3HbE6wXbAlFfxHVERmrbqAi8R3r6fQPxpCauA8UVDnieg5eo04D0T8nnnNIX//i/sXg==",
      "dependencies": [
        "@jimp/custom",
        "@jimp/utils"
      ]
    },
    "@jimp/plugin-rotate@0.22.12_@jimp+custom@0.22.12_@jimp+plugin-blit@0.22.12__@jimp+custom@0.22.12_@jimp+plugin-crop@0.22.12__@jimp+custom@0.22.12_@jimp+plugin-resize@0.22.12__@jimp+custom@0.22.12": {
      "integrity": "sha512-9YNEt7BPAFfTls2FGfKBVgwwLUuKqy+E8bDGGEsOqHtbuhbshVGxN2WMZaD4gh5IDWvR+emmmPPWGgaYNYt1gA==",
      "dependencies": [
        "@jimp/custom",
        "@jimp/plugin-blit",
        "@jimp/plugin-crop",
        "@jimp/plugin-resize",
        "@jimp/utils"
      ]
    },
    "@jimp/plugin-scale@0.22.12_@jimp+custom@0.22.12_@jimp+plugin-resize@0.22.12__@jimp+custom@0.22.12": {
      "integrity": "sha512-dghs92qM6MhHj0HrV2qAwKPMklQtjNpoYgAB94ysYpsXslhRTiPisueSIELRwZGEr0J0VUxpUY7HgJwlSIgGZw==",
      "dependencies": [
        "@jimp/custom",
        "@jimp/plugin-resize",
        "@jimp/utils"
      ]
    },
    "@jimp/plugin-shadow@0.22.12_@jimp+custom@0.22.12_@jimp+plugin-blur@0.22.12__@jimp+custom@0.22.12_@jimp+plugin-resize@0.22.12__@jimp+custom@0.22.12": {
      "integrity": "sha512-FX8mTJuCt7/3zXVoeD/qHlm4YH2bVqBuWQHXSuBK054e7wFRnRnbSLPUqAwSeYP3lWqpuQzJtgiiBxV3+WWwTg==",
      "dependencies": [
        "@jimp/custom",
        "@jimp/plugin-blur",
        "@jimp/plugin-resize",
        "@jimp/utils"
      ]
    },
    "@jimp/plugin-threshold@0.22.12_@jimp+custom@0.22.12_@jimp+plugin-color@0.22.12__@jimp+custom@0.22.12_@jimp+plugin-resize@0.22.12__@jimp+custom@0.22.12": {
      "integrity": "sha512-4x5GrQr1a/9L0paBC/MZZJjjgjxLYrqSmWd+e+QfAEPvmRxdRoQ5uKEuNgXnm9/weHQBTnQBQsOY2iFja+XGAw==",
      "dependencies": [
        "@jimp/custom",
        "@jimp/plugin-color",
        "@jimp/plugin-resize",
        "@jimp/utils"
      ]
    },
    "@jimp/plugins@0.22.12_@jimp+custom@0.22.12_@jimp+plugin-blit@0.22.12__@jimp+custom@0.22.12_@jimp+plugin-resize@0.22.12__@jimp+custom@0.22.12_@jimp+plugin-scale@0.22.12__@jimp+custom@0.22.12__@jimp+plugin-resize@0.22.12___@jimp+custom@0.22.12_@jimp+plugin-crop@0.22.12__@jimp+custom@0.22.12_@jimp+plugin-rotate@0.22.12__@jimp+custom@0.22.12__@jimp+plugin-blit@0.22.12___@jimp+custom@0.22.12__@jimp+plugin-crop@0.22.12___@jimp+custom@0.22.12__@jimp+plugin-resize@0.22.12___@jimp+custom@0.22.12_@jimp+plugin-blur@0.22.12__@jimp+custom@0.22.12_@jimp+plugin-color@0.22.12__@jimp+custom@0.22.12": {
      "integrity": "sha512-yBJ8vQrDkBbTgQZLty9k4+KtUQdRjsIDJSPjuI21YdVeqZxYywifHl4/XWILoTZsjTUASQcGoH0TuC0N7xm3ww==",
      "dependencies": [
        "@jimp/custom",
        "@jimp/plugin-blit",
        "@jimp/plugin-blur",
        "@jimp/plugin-circle",
        "@jimp/plugin-color",
        "@jimp/plugin-contain",
        "@jimp/plugin-cover",
        "@jimp/plugin-crop",
        "@jimp/plugin-displace",
        "@jimp/plugin-dither",
        "@jimp/plugin-fisheye",
        "@jimp/plugin-flip",
        "@jimp/plugin-gaussian",
        "@jimp/plugin-invert",
        "@jimp/plugin-mask",
        "@jimp/plugin-normalize",
        "@jimp/plugin-print",
        "@jimp/plugin-resize",
        "@jimp/plugin-rotate",
        "@jimp/plugin-scale",
        "@jimp/plugin-shadow",
        "@jimp/plugin-threshold",
        "timm"
      ]
    },
    "@jimp/png@0.22.12_@jimp+custom@0.22.12": {
      "integrity": "sha512-Mrp6dr3UTn+aLK8ty/dSKELz+Otdz1v4aAXzV5q53UDD2rbB5joKVJ/ChY310B+eRzNxIovbUF1KVrUsYdE8Hg==",
      "dependencies": [
        "@jimp/custom",
        "@jimp/utils",
        "pngjs@6.0.0"
      ]
    },
    "@jimp/tiff@0.22.12_@jimp+custom@0.22.12": {
      "integrity": "sha512-E1LtMh4RyJsoCAfAkBRVSYyZDTtLq9p9LUiiYP0vPtXyxX4BiYBUYihTLSBlCQg5nF2e4OpQg7SPrLdJ66u7jg==",
      "dependencies": [
        "@jimp/custom",
        "utif2"
      ]
    },
    "@jimp/types@0.22.12_@jimp+custom@0.22.12": {
      "integrity": "sha512-wwKYzRdElE1MBXFREvCto5s699izFHNVvALUv79GXNbsOVqlwlOxlWJ8DuyOGIXoLP4JW/m30YyuTtfUJgMRMA==",
      "dependencies": [
        "@jimp/bmp",
        "@jimp/custom",
        "@jimp/gif",
        "@jimp/jpeg",
        "@jimp/png",
        "@jimp/tiff",
        "timm"
      ]
    },
    "@jimp/utils@0.22.12": {
      "integrity": "sha512-yJ5cWUknGnilBq97ZXOyOS0HhsHOyAyjHwYfHxGbSyMTohgQI6sVyE8KPgDwH8HHW/nMKXk8TrSwAE71zt716Q==",
      "dependencies": [
        "regenerator-runtime"
      ]
    },
    "@notionhq/client@2.2.17": {
      "integrity": "sha512-whkUc2RFAk7Vo93todfwsK6bxEHrBg4JSUHN+8cvopZGKsnU8aVL4JtJ6W2cexRz0Bp0AfznHsY7eD8/vNgMCw==",
      "dependencies": [
        "@types/node-fetch",
        "node-fetch"
      ]
    },
    "@notionhq/client@5.4.0": {
      "integrity": "sha512-SJsprS26S0Wi9CoTQp4vC8/nPpAIo1gMB4H7aJ2E/k0fWnNGIEAg984KwtzK6h9ZGaPcEaryVRSz1VVClJcVUw=="
    },
    "@tokenizer/token@0.3.0": {
      "integrity": "sha512-OvjF+z51L3ov0OyAU0duzsYuvO01PH7x4t6DJx+guahgTnBHkhJdG7soQeTSFLWN3efnHyibZ4Z8l2EuWwJN3A=="
    },
    "@types/node-fetch@2.6.13": {
      "integrity": "sha512-QGpRVpzSaUs30JBSGPjOg4Uveu384erbHBoT1zeONvyCfwQxIkUshLAOqN/k9EjGviPRmWTTe6aH2qySWKTVSw==",
      "dependencies": [
        "@types/node@24.2.0",
        "form-data"
      ]
    },
    "@types/node@16.9.1": {
      "integrity": "sha512-QpLcX9ZSsq3YYUUnD3nFDY8H7wctAhQj/TFKL8Ya8v5fMm3CFXxo8zStsLAl780ltoYoo1WvKUVGBQK+1ifr7g=="
    },
    "@types/node@24.2.0": {
      "integrity": "sha512-3xyG3pMCq3oYCNg7/ZP+E1ooTaGB4cG8JWRsqqOYQdbWNY4zbaV0Ennrd7stjiJEFZCaybcIgpTjJWHRfBSIDw==",
      "dependencies": [
        "undici-types"
      ]
    },
    "abort-controller@3.0.0": {
      "integrity": "sha512-h8lQ8tacZYnR3vNQTgibj+tODHI5/+l06Au2Pcriv/Gmet0eaj4TwWH41sO9wnHDiQsEj19q0drzdWdeAHtweg==",
      "dependencies": [
        "event-target-shim"
      ]
    },
    "any-base@1.1.0": {
      "integrity": "sha512-uMgjozySS8adZZYePpaWs8cxB9/kdzmpX6SgJZ+wbz1K5eYk5QMYDVJaZKhxyIHUdnnJkfR7SVgStgH7LkGUyg=="
    },
    "asynckit@0.4.0": {
      "integrity": "sha512-Oei9OH4tRh0YqU3GxhX79dM/mwVgvbZJaSNaRk+bshkj0S5cfHcgYakreBjrHwatXKbz+IoIdYLxrKim2MjW0Q=="
    },
    "base64-js@1.5.1": {
      "integrity": "sha512-AKpaYlHn8t4SVbOHCy+b5+KKgvR4vrsD8vbvrbiQJps7fKDTkjkDry6ji0rUJjC0kzbNePLwzxq8iypo41qeWA=="
    },
    "bmp-js@0.1.0": {
      "integrity": "sha512-vHdS19CnY3hwiNdkaqk93DvjVLfbEcI8mys4UjuWrlX1haDmroo8o4xCzh4wD6DGV6HxRCyauwhHRqMTfERtjw=="
    },
    "buffer-equal@0.0.1": {
      "integrity": "sha512-RgSV6InVQ9ODPdLWJ5UAqBqJBOg370Nz6ZQtRzpt6nUjc8v0St97uJ4PYC6NztqIScrAXafKM3mZPMygSe1ggA=="
    },
    "buffer@5.7.1": {
      "integrity": "sha512-EHcyIPBQ4BSGlvjB16k5KgAJ27CIsHY/2JBmCRReo48y9rQ3MaUzWX3KVlBa4U7MyX02HdVj0K7C3WaB3ju7FQ==",
      "dependencies": [
        "base64-js",
        "ieee754"
      ]
    },
    "buffer@6.0.3": {
      "integrity": "sha512-FTiCpNxtwiZZHEZbcbTIcZjERVICn9yq/pDFkTl95/AxzD1naBctN7YO68riM/gLSDY7sdrMby8hofADYuuqOA==",
      "dependencies": [
        "base64-js",
        "ieee754"
      ]
    },
    "call-bind-apply-helpers@1.0.2": {
      "integrity": "sha512-Sp1ablJ0ivDkSzjcaJdxEunN5/XvksFJ2sMBFfq6x0ryhQV/2b/KwFe21cMpmHtPOSij8K99/wSfoEuTObmuMQ==",
      "dependencies": [
        "es-errors",
        "function-bind"
      ]
    },
    "centra@2.7.0": {
      "integrity": "sha512-PbFMgMSrmgx6uxCdm57RUos9Tc3fclMvhLSATYN39XsDV29B89zZ3KA89jmY0vwSGazyU+uerqwa6t+KaodPcg==",
      "dependencies": [
        "follow-redirects"
      ]
    },
    "combined-stream@1.0.8": {
      "integrity": "sha512-FQN4MRfuJeHf7cBbBMJFXhKSDq+2kAArBlmRBvcvFE5BB1HZKXtSFASDhdlz9zOYwxh8lDdnvmMOe/+5cdoEdg==",
      "dependencies": [
        "delayed-stream"
      ]
    },
    "dayjs@1.11.7": {
      "integrity": "sha512-+Yw9U6YO5TQohxLcIkrXBeY73WP3ejHWVvx8XCk3gxvQDCTEmS48ZrSZCKciI7Bhl/uCMyxYtE9UqRILmFphkQ=="
    },
    "delayed-stream@1.0.0": {
      "integrity": "sha512-ZySD7Nf91aLB0RxL4KGrKHBXl7Eds1DAmEdcoVawXnLD7SDhpNgtuII2aAkg7a7QS41jxPSZ17p4VdGnMHk3MQ=="
    },
    "dom-walk@0.1.2": {
      "integrity": "sha512-6QvTW9mrGeIegrFXdtQi9pk7O/nSK6lSdXW2eqUspN5LWD7UTji2Fqw5V2YLjBpHEoU9Xl/eUWNpDeZvoyOv2w=="
    },
    "dunder-proto@1.0.1": {
      "integrity": "sha512-KIN/nDJBQRcXw0MLVhZE9iQHmG68qAVIBg9CqmUYjmQIhgij9U5MFvrqkUL5FbtyyzZuOeOt0zdeRe4UY7ct+A==",
      "dependencies": [
        "call-bind-apply-helpers",
        "es-errors",
        "gopd"
      ]
    },
    "es-define-property@1.0.1": {
      "integrity": "sha512-e3nRfgfUZ4rNGL232gUgX06QNyyez04KdjFrF+LTRoOXmrOgFKDg4BCdsjW8EnT69eqdYGmRpJwiPVYNrCaW3g=="
    },
    "es-errors@1.3.0": {
      "integrity": "sha512-Zf5H2Kxt2xjTvbJvP2ZWLEICxA6j+hAmMzIlypy4xcBg1vKVnx89Wy0GbS+kf5cwCVFFzdCFh2XSCFNULS6csw=="
    },
    "es-object-atoms@1.1.1": {
      "integrity": "sha512-FGgH2h8zKNim9ljj7dankFPcICIK9Cp5bm+c2gQSYePhpaG5+esrLODihIorn+Pe6FGJzWhXQotPv73jTaldXA==",
      "dependencies": [
        "es-errors"
      ]
    },
    "es-set-tostringtag@2.1.0": {
      "integrity": "sha512-j6vWzfrGVfyXxge+O0x5sh6cvxAog0a/4Rdd2K36zCMV5eJ+/+tOAngRO8cODMNWbVRdVlmGZQL2YS3yR8bIUA==",
      "dependencies": [
        "es-errors",
        "get-intrinsic",
        "has-tostringtag",
        "hasown"
      ]
    },
    "event-target-shim@5.0.1": {
      "integrity": "sha512-i/2XbnSz/uxRCU6+NdVJgKWDTM427+MqYbkQzD321DuCQJUqOuJKIA0IM2+W2xtYHdKOmZ4dR6fExsd4SXL+WQ=="
    },
    "events@3.3.0": {
      "integrity": "sha512-mQw+2fkQbALzQ7V0MY0IqdnXNOeTtP4r0lN9z7AAawCXgqea7bDii20AYrIBrFd/Hx0M2Ocz6S111CaFkUcb0Q=="
    },
    "exif-parser@0.1.12": {
      "integrity": "sha512-c2bQfLNbMzLPmzQuOr8fy0csy84WmwnER81W88DzTp9CYNPJ6yzOj2EZAh9pywYpqHnshVLHQJ8WzldAyfY+Iw=="
    },
    "file-type@16.5.4": {
      "integrity": "sha512-/yFHK0aGjFEgDJjEKP0pWCplsPFPhwyfwevf/pVxiN0tmE4L9LmwWxWukdJSHdoCli4VgQLehjJtwQBnqmsKcw==",
      "dependencies": [
        "readable-web-to-node-stream",
        "strtok3",
        "token-types"
      ]
    },
    "follow-redirects@1.15.11": {
      "integrity": "sha512-deG2P0JfjrTxl50XGCDyfI97ZGVCxIpfKYmfyrQ54n5FO/0gfIES8C/Psl6kWVDolizcaaxZJnTS0QSMxvnsBQ=="
    },
    "form-data@4.0.5": {
      "integrity": "sha512-8RipRLol37bNs2bhoV67fiTEvdTrbMUYcFTiy3+wuuOnUog2QBHCZWXDRijWQfAkhBj2Uf5UnVaiWwA5vdd82w==",
      "dependencies": [
        "asynckit",
        "combined-stream",
        "es-set-tostringtag",
        "hasown",
        "mime-types"
      ]
    },
    "function-bind@1.1.2": {
      "integrity": "sha512-7XHNxH7qX9xG5mIwxkhumTox/MIRNcOgDrxWsMt2pAr23WHp6MrRlN7FBSFpCpr+oVO0F744iUgR82nJMfG2SA=="
    },
    "get-intrinsic@1.3.0": {
      "integrity": "sha512-9fSjSaos/fRIVIp+xSJlE6lfwhES7LNtKaCBIamHsjr2na1BiABJPo0mOjjz8GJDURarmCPGqaiVg5mfjb98CQ==",
      "dependencies": [
        "call-bind-apply-helpers",
        "es-define-property",
        "es-errors",
        "es-object-atoms",
        "function-bind",
        "get-proto",
        "gopd",
        "has-symbols",
        "hasown",
        "math-intrinsics"
      ]
    },
    "get-proto@1.0.1": {
      "integrity": "sha512-sTSfBjoXBp89JvIKIefqw7U2CCebsc74kiY6awiGogKtoSGbgjYE/G/+l9sF3MWFPNc9IcoOC4ODfKHfxFmp0g==",
      "dependencies": [
        "dunder-proto",
        "es-object-atoms"
      ]
    },
    "gifwrap@0.10.1": {
      "integrity": "sha512-2760b1vpJHNmLzZ/ubTtNnEx5WApN/PYWJvXvgS+tL1egTTthayFYIQQNi136FLEDcN/IyEY2EcGpIITD6eYUw==",
      "dependencies": [
        "image-q",
        "omggif"
      ]
    },
    "global@4.4.0": {
      "integrity": "sha512-wv/LAoHdRE3BeTGz53FAamhGlPLhlssK45usmGFThIi4XqnBmjKQ16u+RNbP7WvigRZDxUsM0J3gcQ5yicaL0w==",
      "dependencies": [
        "min-document",
        "process"
      ]
    },
    "gopd@1.2.0": {
      "integrity": "sha512-ZUKRh6/kUFoAiTAtTYPZJ3hw9wNxx+BIBOijnlG9PnrJsCcSjs1wyyD6vJpaYtgnzDrKYRSqf3OO6Rfa93xsRg=="
    },
    "has-symbols@1.1.0": {
      "integrity": "sha512-1cDNdwJ2Jaohmb3sg4OmKaMBwuC48sYni5HUw2DvsC8LjGTLK9h+eb1X6RyuOHe4hT0ULCW68iomhjUoKUqlPQ=="
    },
    "has-tostringtag@1.0.2": {
      "integrity": "sha512-NqADB8VjPFLM2V0VvHUewwwsw0ZWBaIdgo+ieHtK3hasLz4qeCRjYcqfB6AQrBggRKppKF8L52/VqdVsO47Dlw==",
      "dependencies": [
        "has-symbols"
      ]
    },
    "hasown@2.0.2": {
      "integrity": "sha512-0hJU9SCPvmMzIBdZFqNPXWa6dqh7WdH0cII9y+CyS8rG3nL48Bclra9HmKhVVUHyPWNH5Y7xDwAB7bfgSjkUMQ==",
      "dependencies": [
        "function-bind"
      ]
    },
    "ieee754@1.2.1": {
      "integrity": "sha512-dcyqhDvX1C46lXZcVqCpK+FtMRQVdIMN6/Df5js2zouUsqG7I6sFxitIC+7KYK29KdXOLHdu9zL4sFnoVQnqaA=="
    },
    "image-q@4.0.0": {
      "integrity": "sha512-PfJGVgIfKQJuq3s0tTDOKtztksibuUEbJQIYT3by6wctQo+Rdlh7ef4evJ5NCdxY4CfMbvFkocEwbl4BF8RlJw==",
      "dependencies": [
        "@types/node@16.9.1"
      ]
    },
    "is-function@1.0.2": {
      "integrity": "sha512-lw7DUp0aWXYg+CBCN+JKkcE0Q2RayZnSvnZBlwgxHBQhqt5pZNVy4Ri7H9GmmXkdu7LUthszM+Tor1u/2iBcpQ=="
    },
    "isomorphic-fetch@3.0.0": {
      "integrity": "sha512-qvUtwJ3j6qwsF3jLxkZ72qCgjMysPzDfeV240JHiGZsANBYd+EEuu35v7dfrJ9Up0Ak07D7GGSkGhCHTqg/5wA==",
      "dependencies": [
        "node-fetch",
        "whatwg-fetch"
      ]
    },
    "jimp@0.22.10_@jimp+custom@0.22.12": {
      "integrity": "sha512-lCaHIJAgTOsplyJzC1w/laxSxrbSsEBw4byKwXgUdMmh+ayPsnidTblenQm+IvhIs44Gcuvlb6pd2LQ0wcKaKg==",
      "dependencies": [
        "@jimp/custom",
        "@jimp/plugins",
        "@jimp/types",
        "regenerator-runtime"
      ]
    },
    "jpeg-js@0.4.4": {
      "integrity": "sha512-WZzeDOEtTOBK4Mdsar0IqEU5sMr3vSV2RqkAIzUEV2BHnUfKGyswWFPFwK5EeDo93K3FohSHbLAjj0s1Wzd+dg=="
    },
    "load-bmfont@1.4.2": {
      "integrity": "sha512-qElWkmjW9Oq1F9EI5Gt7aD9zcdHb9spJCW1L/dmPf7KzCCEJxq8nhHz5eCgI9aMf7vrG/wyaCqdsI+Iy9ZTlog==",
      "dependencies": [
        "buffer-equal",
        "mime",
        "parse-bmfont-ascii",
        "parse-bmfont-binary",
        "parse-bmfont-xml",
        "phin",
        "xhr",
        "xtend"
      ]
    },
    "math-intrinsics@1.1.0": {
      "integrity": "sha512-/IXtbwEk5HTPyEwyKX6hGkYXxM9nbj64B+ilVJnC/R6B0pH5G4V3b0pVbL7DBj4tkhBAppbQUlf6F6Xl9LHu1g=="
    },
    "mime-db@1.52.0": {
      "integrity": "sha512-sPU4uV7dYlvtWJxwwxHD0PuihVNiE7TyAbQ5SWxDCB9mUYvOgroQOwYQQOKPJ8CIbE+1ETVlOoK1UC2nU3gYvg=="
    },
    "mime-types@2.1.35": {
      "integrity": "sha512-ZDY+bPm5zTTF+YpCrAU9nK0UgICYPT0QtT1NZWFv4s++TNkcgVaT0g6+4R2uI4MjQjzysHB1zxuWL50hzaeXiw==",
      "dependencies": [
        "mime-db"
      ]
    },
    "mime@1.6.0": {
      "integrity": "sha512-x0Vn8spI+wuJ1O6S7gnbaQg8Pxh4NNHb7KSINmEWKiPE4RKOplvijn+NkmYmmRgP68mc70j2EbeTFRsrswaQeg==",
      "bin": true
    },
    "min-document@2.19.2": {
      "integrity": "sha512-8S5I8db/uZN8r9HSLFVWPdJCvYOejMcEC82VIzNUc6Zkklf/d1gg2psfE79/vyhWOj4+J8MtwmoOz3TmvaGu5A==",
      "dependencies": [
        "dom-walk"
      ]
    },
    "node-fetch@2.7.0": {
      "integrity": "sha512-c4FRfUm/dbcWZ7U+1Wq0AwCyFL+3nt2bEw05wfxSz+DWpWsitgmSgYmy2dQdWyKC1694ELPqMs/YzUSNozLt8A==",
      "dependencies": [
        "whatwg-url"
      ]
    },
    "omggif@1.0.10": {
      "integrity": "sha512-LMJTtvgc/nugXj0Vcrrs68Mn2D1r0zf630VNtqtpI1FEO7e+O9FP4gqs9AcnBaSEeoHIPm28u6qgPR0oyEpGSw=="
    },
    "pako@1.0.11": {
      "integrity": "sha512-4hLB8Py4zZce5s4yd9XzopqwVv/yGNhV1Bl8NTmCq1763HeK2+EwVTv+leGeL13Dnh2wfbqowVPXCIO0z4taYw=="
    },
    "parse-bmfont-ascii@1.0.6": {
      "integrity": "sha512-U4RrVsUFCleIOBsIGYOMKjn9PavsGOXxbvYGtMOEfnId0SVNsgehXh1DxUdVPLoxd5mvcEtvmKs2Mmf0Mpa1ZA=="
    },
    "parse-bmfont-binary@1.0.6": {
      "integrity": "sha512-GxmsRea0wdGdYthjuUeWTMWPqm2+FAd4GI8vCvhgJsFnoGhTrLhXDDupwTo7rXVAgaLIGoVHDZS9p/5XbSqeWA=="
    },
    "parse-bmfont-xml@1.1.6": {
      "integrity": "sha512-0cEliVMZEhrFDwMh4SxIyVJpqYoOWDJ9P895tFuS+XuNzI5UBmBk5U5O4KuJdTnZpSBI4LFA2+ZiJaiwfSwlMA==",
      "dependencies": [
        "xml-parse-from-string",
        "xml2js"
      ]
    },
    "parse-headers@2.0.6": {
      "integrity": "sha512-Tz11t3uKztEW5FEVZnj1ox8GKblWn+PvHY9TmJV5Mll2uHEwRdR/5Li1OlXoECjLYkApdhWy44ocONwXLiKO5A=="
    },
    "peek-readable@4.1.0": {
      "integrity": "sha512-ZI3LnwUv5nOGbQzD9c2iDG6toheuXSZP5esSHBjopsXH4dg19soufvpUGA3uohi5anFtGb2lhAVdHzH6R/Evvg=="
    },
    "phin@3.7.1": {
      "integrity": "sha512-GEazpTWwTZaEQ9RhL7Nyz0WwqilbqgLahDM3D0hxWwmVDI52nXEybHqiN6/elwpkJBhcuj+WbBu+QfT0uhPGfQ==",
      "dependencies": [
        "centra"
      ],
      "deprecated": true
    },
    "pixelmatch@4.0.2": {
      "integrity": "sha512-J8B6xqiO37sU/gkcMglv6h5Jbd9xNER7aHzpfRdNmV4IbQBzBpe4l9XmbG+xPF/znacgu2jfEw+wHffaq/YkXA==",
      "dependencies": [
        "pngjs@3.4.0"
      ],
      "bin": true
    },
    "pngjs@3.4.0": {
      "integrity": "sha512-NCrCHhWmnQklfH4MtJMRjZ2a8c80qXeMlQMv2uVp9ISJMTt562SbGd6n2oq0PaPgKm7Z6pL9E2UlLIhC+SHL3w=="
    },
    "pngjs@6.0.0": {
      "integrity": "sha512-TRzzuFRRmEoSW/p1KVAmiOgPco2Irlah+bGFCeNfJXxxYGwSw7YwAOAcd7X28K/m5bjBWKsC29KyoMfHbypayg=="
    },
    "process@0.11.10": {
      "integrity": "sha512-cdGef/drWFoydD1JsMzuFf8100nZl+GT+yacc2bEced5f9Rjk4z+WtFUTBu9PhOi9j/jfmBPu0mMEY4wIdAF8A=="
    },
    "readable-stream@4.7.0": {
      "integrity": "sha512-oIGGmcpTLwPga8Bn6/Z75SVaH1z5dUut2ibSyAMVhmUggWpmDn2dapB0n7f8nwaSiRtepAsfJyfXIO5DCVAODg==",
      "dependencies": [
        "abort-controller",
        "buffer@6.0.3",
        "events",
        "process",
        "string_decoder"
      ]
    },
    "readable-web-to-node-stream@3.0.4": {
      "integrity": "sha512-9nX56alTf5bwXQ3ZDipHJhusu9NTQJ/CVPtb/XHAJCXihZeitfJvIRS4GqQ/mfIoOE3IelHMrpayVrosdHBuLw==",
      "dependencies": [
        "readable-stream"
      ]
    },
    "regenerator-runtime@0.13.11": {
      "integrity": "sha512-kY1AZVr2Ra+t+piVaJ4gxaFaReZVH40AKNo7UCX6W+dEwBo/2oZJzqfuN1qLq1oL45o56cPaTXELwrTh8Fpggg=="
    },
    "safe-buffer@5.2.1": {
      "integrity": "sha512-rp3So07KcdmmKbGvgaNxQSJr7bGVSVk5S9Eq1F+ppbRo70+YeaDxkw5Dd8NPN+GD6bjnYm2VuPuCXmpuYvmCXQ=="
    },
    "sax@1.4.3": {
      "integrity": "sha512-yqYn1JhPczigF94DMS+shiDMjDowYO6y9+wB/4WgO0Y19jWYk0lQ4tuG5KI7kj4FTp1wxPj5IFfcrz/s1c3jjQ=="
    },
    "string_decoder@1.3.0": {
      "integrity": "sha512-hkRX8U1WjJFd8LsDJ2yQ/wWWxaopEsABU1XfkM8A+j0+85JAGppt16cr1Whg6KIbb4okU6Mql6BOj+uup/wKeA==",
      "dependencies": [
        "safe-buffer"
      ]
    },
    "strtok3@6.3.0": {
      "integrity": "sha512-fZtbhtvI9I48xDSywd/somNqgUHl2L2cstmXCCif0itOf96jeW18MBSyrLuNicYQVkvpOxkZtkzujiTJ9LW5Jw==",
      "dependencies": [
        "@tokenizer/token",
        "peek-readable"
      ]
    },
    "timm@1.7.1": {
      "integrity": "sha512-IjZc9KIotudix8bMaBW6QvMuq64BrJWFs1+4V0lXwWGQZwH+LnX87doAYhem4caOEusRP9/g6jVDQmZ8XOk1nw=="
    },
    "tinycolor2@1.6.0": {
      "integrity": "sha512-XPaBkWQJdsf3pLKJV9p4qN/S+fm2Oj8AIPo1BTUhg5oxkvm9+SVEGFdhyOz7tTdUTfvxMiAs4sp6/eZO2Ew+pw=="
    },
    "token-types@4.2.1": {
      "integrity": "sha512-6udB24Q737UD/SDsKAHI9FCRP7Bqc9D/MQUV02ORQg5iskjtLJlZJNdN4kKtcdtwCeWIwIHDGaUsTsCCAa8sFQ==",
      "dependencies": [
        "@tokenizer/token",
        "ieee754"
      ]
    },
    "tr46@0.0.3": {
      "integrity": "sha512-N3WMsuqV66lT30CrXNbEjx4GEwlow3v6rr4mCcv6prnfwhS01rkgyFdjPNBYd9br7LpXV1+Emh01fHnq2Gdgrw=="
    },
    "undici-types@7.10.0": {
      "integrity": "sha512-t5Fy/nfn+14LuOc2KNYg75vZqClpAiqscVvMygNnlsHBFpSXdJaYtXMcdNLpl/Qvc3P2cB3s6lOV51nqsFq4ag=="
    },
    "utif2@4.1.0": {
      "integrity": "sha512-+oknB9FHrJ7oW7A2WZYajOcv4FcDR4CfoGB0dPNfxbi4GO05RRnFmt5oa23+9w32EanrYcSJWspUiJkLMs+37w==",
      "dependencies": [
        "pako"
      ]
    },
    "webidl-conversions@3.0.1": {
      "integrity": "sha512-2JAn3z8AR6rjK8Sm8orRC0h/bcl/DqL7tRPdGZ4I1CjdF+EaMLmYxBHyXuKL849eucPFhvBoxMsflfOb8kxaeQ=="
    },
    "whatwg-fetch@3.6.20": {
      "integrity": "sha512-EqhiFU6daOA8kpjOWTL0olhVOF3i7OrFzSYiGsEMB8GcXS+RrzauAERX65xMeNWVqxA6HXH2m69Z9LaKKdisfg=="
    },
    "whatwg-url@5.0.0": {
      "integrity": "sha512-saE57nupxk6v3HY35+jzBwYa0rKSy0XR8JSxZPwgLr7ys0IBzhGviA1/TUGJLmSVqs8pb9AnvICXEuOHLprYTw==",
      "dependencies": [
        "tr46",
        "webidl-conversions"
      ]
    },
    "xhr@2.6.0": {
      "integrity": "sha512-/eCGLb5rxjx5e3mF1A7s+pLlR6CGyqWN91fv1JgER5mVWg1MZmlhBvy9kjcsOdRk8RrIujotWyJamfyrp+WIcA==",
      "dependencies": [
        "global",
        "is-function",
        "parse-headers",
        "xtend"
      ]
    },
    "xml-parse-from-string@1.0.1": {
      "integrity": "sha512-ErcKwJTF54uRzzNMXq2X5sMIy88zJvfN2DmdoQvy7PAFJ+tPRU6ydWuOKNMyfmOjdyBQTFREi60s0Y0SyI0G0g=="
    },
    "xml2js@0.5.0": {
      "integrity": "sha512-drPFnkQJik/O+uPKpqSgr22mpuFHqKdbS835iAQrUC73L2F5WkboIRd63ai/2Yg6I1jzifPFKH2NTK+cfglkIA==",
      "dependencies": [
        "sax",
        "xmlbuilder"
      ]
    },
    "xmlbuilder@11.0.1": {
      "integrity": "sha512-fDlsI/kFEx7gLvbecc0/ohLG50fugQp8ryHzMTuW9vSa1GJ0XYWKnhsUx7oie3G98+r56aTQIUB4kht42R3JvA=="
    },
    "xtend@4.0.2": {
      "integrity": "sha512-LKYU1iAXJXUgAXn9URjiu+MWhyUXHsvfp7mcuYm9dSUKK0/CjtrUwFAxD82/mCWbtLsGjFIad0wIsod4zrTAEQ=="
    }
  },
  "remote": {
    "https://deno.land/std@0.182.0/collections/filter_values.ts": "5b9feaf17b9a6e5ffccdd36cf6f38fa4ffa94cff2602d381c2ad0c2a97929652",
    "https://deno.land/std@0.182.0/collections/without_all.ts": "a89f5da0b5830defed4f59666e188df411d8fece35a5f6ca69be6ca71a95c185",
    "https://deno.land/std@0.182.0/dotenv/load.ts": "0636983549b98f29ab75c9a22a42d9723f0a389ece5498fe971e7bb2556a12e2",
    "https://deno.land/std@0.182.0/dotenv/mod.ts": "8dcbc8a40b896a0bf094582aaeadbfc76d3528872faf2efc0302beb1d2f6afd0",
    "https://deno.land/x/deno_dom@v0.1.38/build/deno-wasm/deno-wasm.js": "98b1ad24a1c13284557917659402202e5c5258ab1431b3f3a82434ad36ffa05a",
    "https://deno.land/x/deno_dom@v0.1.38/deno-dom-wasm.ts": "bfd999a493a6974e9fca4d331bee03bfb68cfc600c662cd0b48b21d67a2a8ba0",
    "https://deno.land/x/deno_dom@v0.1.38/src/api.ts": "0ff5790f0a3eeecb4e00b7d8fbfa319b165962cf6d0182a65ba90f158d74f7d7",
    "https://deno.land/x/deno_dom@v0.1.38/src/constructor-lock.ts": "59714df7e0571ec7bd338903b1f396202771a6d4d7f55a452936bd0de9deb186",
    "https://deno.land/x/deno_dom@v0.1.38/src/deserialize.ts": "f4d34514ca00473ca428b69ad437ba345925744b5d791cb9552e2d7a0e7b0439",
    "https://deno.land/x/deno_dom@v0.1.38/src/dom/document-fragment.ts": "a40c6e18dd0efcf749a31552c1c9a6f7fa614452245e86ee38fc92ba0235e5ae",
    "https://deno.land/x/deno_dom@v0.1.38/src/dom/document.ts": "b8f4e4ccabaaa063d6562a0f2f8dea9c0419515d63d8bd79bfde95f7cd64bd93",
    "https://deno.land/x/deno_dom@v0.1.38/src/dom/dom-parser.ts": "609097b426f8c2358f3e5d2bca55ed026cf26cdf86562e94130dfdb0f2537f92",
    "https://deno.land/x/deno_dom@v0.1.38/src/dom/element.ts": "77c454e228dfeb5c570da5aa61d91850400116bfa0f5a85505acdd3c667171a4",
    "https://deno.land/x/deno_dom@v0.1.38/src/dom/elements/html-template-element.ts": "127bb291bb08afeb7e9a66294a5aa6ff2780f4eb4601fa6f7869fe8b70a81472",
    "https://deno.land/x/deno_dom@v0.1.38/src/dom/html-collection.ts": "ae90197f5270c32074926ad6cf30ee07d274d44596c7e413c354880cebce8565",
    "https://deno.land/x/deno_dom@v0.1.38/src/dom/node-list.ts": "4c6e4b4585301d4147addaccd90cb5f5a80e8d6290a1ba7058c5e3dfea16e15d",
    "https://deno.land/x/deno_dom@v0.1.38/src/dom/node.ts": "3069e6fc93ac4111a136ed68199d76673339842b9751610ba06f111ba7dc10a7",
    "https://deno.land/x/deno_dom@v0.1.38/src/dom/selectors/custom-api.ts": "852696bd58e534bc41bd3be9e2250b60b67cd95fd28ed16b1deff1d548531a71",
    "https://deno.land/x/deno_dom@v0.1.38/src/dom/selectors/nwsapi-types.ts": "c43b36c36acc5d32caabaa54fda8c9d239b2b0fcbce9a28efb93c84aa1021698",
    "https://deno.land/x/deno_dom@v0.1.38/src/dom/selectors/nwsapi.js": "985d7d8fc1eabbb88946b47a1c44c1b2d4aa79ff23c21424219f1528fa27a2ff",
    "https://deno.land/x/deno_dom@v0.1.38/src/dom/selectors/selectors.ts": "83eab57be2290fb48e3130533448c93c6c61239f2a2f3b85f1917f80ca0fdc75",
    "https://deno.land/x/deno_dom@v0.1.38/src/dom/selectors/sizzle-types.ts": "78149e2502409989ce861ed636b813b059e16bc267bb543e7c2b26ef43e4798b",
    "https://deno.land/x/deno_dom@v0.1.38/src/dom/selectors/sizzle.js": "c3aed60c1045a106d8e546ac2f85cc82e65f62d9af2f8f515210b9212286682a",
    "https://deno.land/x/deno_dom@v0.1.38/src/dom/utils-types.ts": "96db30e3e4a75b194201bb9fa30988215da7f91b380fca6a5143e51ece2a8436",
    "https://deno.land/x/deno_dom@v0.1.38/src/dom/utils.ts": "55f3e9dc71d6c4a54605888d3f99d26fb0cf9973924709f159252a6933ceeabe",
    "https://deno.land/x/deno_dom@v0.1.38/src/parser.ts": "b65eb7e673fa7ca611de871de109655f0aa9fa35ddc1de73df1a5fc2baafc332",
    "https://deno.land/x/rss@0.5.8/deps.ts": "7e1d455d3c3176f5c662e281c40456f2c81380fd3998bb1f84c5e285db4a5a88",
    "https://deno.land/x/rss@0.5.8/mod.ts": "e3543b4feeadb666a6973fa1d5139d928fb3d6fde8529021b3ac5e47e55681bb",
    "https://deno.land/x/rss@0.5.8/src/deserializer.ts": "897ed3a1ee73775e1aa85e40cfaa7d38966aa52bc801edcf9ce73b621b02ab55",
    "https://deno.land/x/rss@0.5.8/src/mappers/mapper.ts": "7eaa96ffeff9730070012c671b7f5187bbcb2af3e2ae0eb0c7949366bd1dc9eb",
    "https://deno.land/x/rss@0.5.8/src/mappers/mapper_legacy.ts": "2ee4a0f2e6546c45f916538fe0ca8c0c402318eb05676b12cf991f56310888f7",
    "https://deno.land/x/rss@0.5.8/src/mappers/media_mapper.ts": "d21314dc8d687cc7976c81b94d1e92bcb840f9a3cc59cfeef82a4835d60f6a2f",
    "https://deno.land/x/rss@0.5.8/src/mappers/mod.ts": "c7ea71d61bc4b6f6886f53701c1dffd974fe11d6d9d1f811064baeebf48899dc",
    "https://deno.land/x/rss@0.5.8/src/resolvers/atom_resolver.ts": "41107cc3c57f7b51b5a8c425bb7bf91773e9d8ace01fa6c0f1df8352532d46dd",
    "https://deno.land/x/rss@0.5.8/src/resolvers/dublin_core_resolver.ts": "cdc12e443e3ce7d96b839b7ed6e97d26f0500c4bd1c8051a88871fd9fce3bcd7",
    "https://deno.land/x/rss@0.5.8/src/resolvers/media_rss_resolver.ts": "d40784e616b98d83d4a6f0d7b8e31199096a4172f7fe401c871ad504bc556a3b",
    "https://deno.land/x/rss@0.5.8/src/resolvers/mod.ts": "063f3341070fa0e69cea48a9387a226e0a1c500193d7e75cb25b0a870717c8fa",
    "https://deno.land/x/rss@0.5.8/src/resolvers/rss1_resolver.ts": "76292ebe5ab13aa17408288f62d19bdd78c74b47307e2db7fc0df595305d37a4",
    "https://deno.land/x/rss@0.5.8/src/resolvers/rss2_resolver.ts": "a82b0e9e5ba0f73d4bd924de12b0d02575a2fc56142bea534a83e632bb166b97",
    "https://deno.land/x/rss@0.5.8/src/resolvers/slash_resolver.ts": "ea904b557a18961077bb974cea64629fd46f0cc5964fd8e66eaaeca5f0682ce4",
    "https://deno.land/x/rss@0.5.8/src/resolvers/types/resolver_result.ts": "c0b211a60e799da35911aa8e6a4e882b2282261db00f94288fdc353054bd55b3",
    "https://deno.land/x/rss@0.5.8/src/types/atom.ts": "49726f13bce85e829cbcddff038652a8bc8c55279d8b07194a6b088035168a59",
    "https://deno.land/x/rss@0.5.8/src/types/deserialization_result.ts": "4f1c7a44c8c508fca4ce1558c73626ed2505140d85824208bc6512736f48aef7",
    "https://deno.land/x/rss@0.5.8/src/types/dublin_core.ts": "8b18fc08f705d2e380315213355cdf47114f1a08dcdc55865d14d13023eb87d6",
    "https://deno.land/x/rss@0.5.8/src/types/feed.ts": "b57a6b3a8498021aabe7c265d2b656aa666ca2f24e048975c4ee7b1c1fe699e0",
    "https://deno.land/x/rss@0.5.8/src/types/feed_type.ts": "b2098f23982be344a19f00915437550d1e4002fb653ac9e34455a90119ee4e6c",
    "https://deno.land/x/rss@0.5.8/src/types/fields/atom_fields.ts": "85bf1a4b3e917baa3c94f3fba8283b678d5a10e78a16c42cfa19b2ee0bf210b3",
    "https://deno.land/x/rss@0.5.8/src/types/fields/dublin_core_fields.ts": "fd6b7e5b660a4f99cabb7a62ae91ab48579de340e57c8dd7ad62c992e64c1644",
    "https://deno.land/x/rss@0.5.8/src/types/fields/media_rss_fields.ts": "076b1e23b6ca99002ffb13e5859164acdf45617aea90440acc75fb28f3aa00b4",
    "https://deno.land/x/rss@0.5.8/src/types/fields/mod.ts": "cdcbf786f30577d8e95648f10a6a1a069e6f68ba749e3b753caff94f205ddaaa",
    "https://deno.land/x/rss@0.5.8/src/types/fields/rss1_fields.ts": "04da9ca7d3fe2b59626c6b3bd18bfd41bf1b1531bc33f2d4f420f10da4e84f7e",
    "https://deno.land/x/rss@0.5.8/src/types/fields/rss2_fields.ts": "c5041472e42cdf04e9f6b2e6e2e334b016aff40524c9a4a4f2c3a5875f9508ea",
    "https://deno.land/x/rss@0.5.8/src/types/fields/slash_fields.ts": "11a1cf81744fe3b2bddbcf3a3ce6f86406d250198ef8c41e6fa58dd652e2e466",
    "https://deno.land/x/rss@0.5.8/src/types/internal/internal_atom.ts": "32a68a98bdcf268c60fdf054ed214a5ee35d75a0dbd960ad9449502b333e4107",
    "https://deno.land/x/rss@0.5.8/src/types/internal/internal_dublin_core.ts": "9f3d63a2386335c8bfe03d3ca3aa6e71f437edb2df0c29f1317308f35cdbcfea",
    "https://deno.land/x/rss@0.5.8/src/types/internal/internal_media_rss.ts": "77a85ac367575395497017c7d0982622b20dfd39ebaf1282406d0c5dc37b6e93",
    "https://deno.land/x/rss@0.5.8/src/types/internal/internal_rss1.ts": "844a931f74950bf50415758f236ed9b7df8a9d9996326582365d721378794974",
    "https://deno.land/x/rss@0.5.8/src/types/internal/internal_rss2.ts": "84a63a3dbeddc50e7a61303b083abc351d2287b5ac715eca4f4db8f4b006b504",
    "https://deno.land/x/rss@0.5.8/src/types/internal/mod.ts": "3347809917893b3b7f1730486f1c89002ca0745be43d61443cabb780b70bfc0b",
    "https://deno.land/x/rss@0.5.8/src/types/json_feed.ts": "5d39ff077934ba361b1132dcb75d1d5a397404aef9b3c0aa57ece103d8761982",
    "https://deno.land/x/rss@0.5.8/src/types/media_rss.ts": "efd2e6c8a7c7cc3fc685d0b88ef2ba406f43bea8b0e0bc22e3e4cbed3caa06a9",
    "https://deno.land/x/rss@0.5.8/src/types/mod.ts": "c8daacf748276644389dd3c8d9c5e6c964707cc59b719b35aa1a424d453d543c",
    "https://deno.land/x/rss@0.5.8/src/types/rss1.ts": "30335c0ec9c02e5ebb0ffbe5d8341a23b9c261cd85a7a7780bb6f9523fe406f9",
    "https://deno.land/x/rss@0.5.8/src/types/rss2.ts": "e71052107ea616cbd74e2c2e3c2f0c42680a97ec9ce2edfd6f440ab98ff89581",
    "https://deno.land/x/rss@0.5.8/src/types/slash.ts": "9a08968ef416f818de3ab9778650fa0b586f9c8c60369bdbd365ba110c5f6f05",
    "https://deno.land/x/rss@0.5.8/src/types/value_field.ts": "27bf4039789ad4fc2044137de736651d0e416dfd461e8dda9b0800cc735900d3",
    "https://deno.land/x/rss@0.5.8/src/util.ts": "a6611bcea8acf000eb01220092f1bea6c18aaf3ad82578c60563f25f6260c080",
    "https://deno.land/x/sax_ts@v1.2.10/src/sax.ts": "3d468d10d13d2690b5910fd12afc3cf52d979c0f144899d5c36da45c0931634e"
  },
  "workspace": {
    "dependencies": [
      "jsr:@std/cli@*",
      "npm:@notionhq/client@5.4.0",
      "npm:dayjs@1.11.7",
      "npm:jimp@0.22.10"
    ]
  }
}
